{
  "version": 4,
  "terraform_version": "1.15.8",
  "serial": 36,
  "lineage": "28b8e46b-192d-81f7-3bb2-fae942d948b5",
  "outputs": {},
  "resources": [
    {
      "mode": "managed",
      "type": "azurerm_linux_virtual_machine",
      "name": "cloudguardian_vm",
      "provider": "provider[\"registry.terraform.io/hashicorp/azurerm\"]",
      "instances": [
        {
          "schema_version": 0,
          "attributes": {
            "additional_capabilities": [],
            "admin_password": null,
            "admin_ssh_key": [
              {
                "public_key": "ssh-rsa AAAAB3NzaC1yc2EAAAADAQABAAACAQCreX4pH1etrsMMfaUUAc2I5mmNKdF//Tz4o7jalqgo7H+kY/hlUHL6eUGCfM6d8K4IQqxwYpFc/t0TTwCj9LwszWE+pD5DzC8zPMCw/yshs7i5hqiD4N/oZmXuuPqLtfvvegeJCbriyaWsesYgp7DCtrYDp6PPPakw2NLeX9c3hzj9+1lIU7V07sPRhLlU7FlJGzwynlKzIIJkanLYvKicUktWTqWLK3wcdr3O7d6INehouZfO6MzsjE+CmC+fXTdSky+tbStlQUmYnVy23VneoPXftyWNgYfgb9TAhkRx2Fm5ZPQLrI3WaWOwgX0gan3X1obQOA5i5TCejQF1Pt7ntFjORIDu0a4/euLgon+0YTu88wUXjj/lr1YYZ5eTUEEeL2Py5+RE7RA0/wpV1UcB2DDegw4sSlZTGZjQqGMl0mxX2oAcL1qyFQ3nEuQaPDNHV/vAYO8ohmEhw6kIXRP8mYpKMTlg/bZ89P38RDPhoUaGTTsKslWoueGfyh2SYJoIRHWA+n2XuKT5OmqhLIGxdhXYyKOceCbRYO/lbu89x3lPqHAtJ3r5svt9PUjVqhwHh2gMjmkH+XVQHbeo1zk0xFASz/cZOik9AOayPEojp41LsusAb3Q/IuvVEOA18YDVNAeo1AthhbOZobWZMMciqcA2jppCecMlB1geIQMHvw== artly@ARTLY_1",
                "username": "azureuser"
              }
            ],
            "admin_username": "azureuser",
            "allow_extension_operations": true,
            "availability_set_id": "",
            "boot_diagnostics": [],
            "bypass_platform_safety_checks_on_user_schedule_enabled": false,
            "capacity_reservation_group_id": "",
            "computer_name": "cloudguardian",
            "custom_data": null,
            "dedicated_host_group_id": "",
            "dedicated_host_id": "",
            "disable_password_authentication": true,
            "disk_controller_type": "SCSI",
            "edge_zone": "",
            "encryption_at_host_enabled": false,
            "eviction_policy": "",
            "extensions_time_budget": "PT1H30M",
            "gallery_application": [],
            "id": "/subscriptions/7573a241-c33d-4d26-ba06-e07aaa7056c2/resourceGroups/rg-cloudguardian-dev/providers/Microsoft.Compute/virtualMachines/vm-cloudguardian-web",
            "identity": [],
            "license_type": "",
            "location": "centralindia",
            "max_bid_price": -1,
            "name": "vm-cloudguardian-web",
            "network_interface_ids": [
              "/subscriptions/7573a241-c33d-4d26-ba06-e07aaa7056c2/resourceGroups/rg-cloudguardian-dev/providers/Microsoft.Network/networkInterfaces/nic-cloudguardian-web"
            ],
            "os_disk": [
              {
                "caching": "ReadWrite",
                "diff_disk_settings": [],
                "disk_encryption_set_id": "",
                "disk_size_gb": 30,
                "id": "/subscriptions/7573a241-c33d-4d26-ba06-e07aaa7056c2/resourceGroups/RG-CLOUDGUARDIAN-DEV/providers/Microsoft.Compute/disks/vm-cloudguardian-web_disk1_80925521927242a0b7c89c5cb83c3d80",
                "name": "vm-cloudguardian-web_disk1_80925521927242a0b7c89c5cb83c3d80",
                "secure_vm_disk_encryption_set_id": "",
                "security_encryption_type": "",
                "storage_account_type": "Standard_LRS",
                "write_accelerator_enabled": false
              }
            ],
            "os_image_notification": [],
            "os_managed_disk_id": "/subscriptions/7573a241-c33d-4d26-ba06-e07aaa7056c2/resourceGroups/RG-CLOUDGUARDIAN-DEV/providers/Microsoft.Compute/disks/vm-cloudguardian-web_disk1_80925521927242a0b7c89c5cb83c3d80",
            "patch_assessment_mode": "ImageDefault",
            "patch_mode": "ImageDefault",
            "plan": [],
            "platform_fault_domain": -1,
            "priority": "Regular",
            "private_ip_address": "10.0.1.4",
            "private_ip_addresses": [
              "10.0.1.4"
            ],
            "provision_vm_agent": true,
            "proximity_placement_group_id": "",
            "public_ip_address": "20.197.26.85",
            "public_ip_addresses": [
              "20.197.26.85"
            ],
            "reboot_setting": "",
            "resource_group_name": "rg-cloudguardian-dev",
            "secret": [],
            "secure_boot_enabled": false,
            "size": "Standard_B2ats_v2",
            "source_image_id": "",
            "source_image_reference": [
              {
                "offer": "0001-com-ubuntu-server-jammy",
                "publisher": "Canonical",
                "sku": "22_04-lts-gen2",
                "version": "latest"
              }
            ],
            "tags": {
              "Environment": "Development",
              "Project": "CloudGuardian"
            },
            "termination_notification": [],
            "timeouts": null,
            "user_data": "",
            "virtual_machine_id": "6ff65d01-b2ed-4440-8ce3-8db4909f06dc",
            "virtual_machine_scale_set_id": "",
            "vm_agent_platform_updates_enabled": false,
            "vtpm_enabled": false,
            "zone": ""
          },
          "sensitive_attributes": [
            [
              {
                "type": "get_attr",
                "value": "admin_password"
              }
            ],
            [
              {
                "type": "get_attr",
                "value": "custom_data"
              }
            ]
          ],
          "identity_schema_version": 0,
          "private": "eyJlMmJmYjczMC1lY2FhLTExZTYtOGY4OC0zNDM2M2JjN2M0YzAiOnsiY3JlYXRlIjoyNzAwMDAwMDAwMDAwLCJkZWxldGUiOjI3MDAwMDAwMDAwMDAsInJlYWQiOjMwMDAwMDAwMDAwMCwidXBkYXRlIjoyNzAwMDAwMDAwMDAwfX0=",
          "dependencies": [
            "azurerm_network_interface.cloudguardian_nic",
            "azurerm_public_ip.cloudguardian_public_ip",
            "azurerm_resource_group.cloudguardian",
            "azurerm_subnet.cloudguardian_subnet",
            "azurerm_virtual_network.cloudguardian_vnet"
          ]
        }
      ]
    },
    {
      "mode": "managed",
      "type": "azurerm_mssql_database",
      "name": "cloudguardian_database",
      "provider": "provider[\"registry.terraform.io/hashicorp/azurerm\"]",
      "instances": [
        {
          "schema_version": 1,
          "attributes": {
            "auto_pause_delay_in_minutes": 0,
            "collation": "SQL_Latin1_General_CP1_CI_AS",
            "create_mode": "Default",
            "creation_source_database_id": null,
            "elastic_pool_id": "",
            "enclave_type": "",
            "geo_backup_enabled": true,
            "id": "/subscriptions/7573a241-c33d-4d26-ba06-e07aaa7056c2/resourceGroups/rg-cloudguardian-dev/providers/Microsoft.Sql/servers/sqlcgserver2026/databases/CloudGuardianDB",
            "identity": [],
            "import": [],
            "ledger_enabled": false,
            "license_type": "",
            "long_term_retention_policy": [
              {
                "immutable_backups_enabled": false,
                "monthly_retention": "PT0S",
                "week_of_year": 1,
                "weekly_retention": "PT0S",
                "yearly_retention": "PT0S"
              }
            ],
            "maintenance_configuration_name": "SQL_Default",
            "max_size_gb": 2,
            "min_capacity": 0,
            "name": "CloudGuardianDB",
            "read_replica_count": 0,
            "read_scale": false,
            "recover_database_id": null,
            "recovery_point_id": null,
            "restore_dropped_database_id": null,
            "restore_long_term_retention_backup_id": null,
            "restore_point_in_time": null,
            "sample_name": null,
            "secondary_type": "",
            "server_id": "/subscriptions/7573a241-c33d-4d26-ba06-e07aaa7056c2/resourceGroups/rg-cloudguardian-dev/providers/Microsoft.Sql/servers/sqlcgserver2026",
            "short_term_retention_policy": [
              {
                "backup_interval_in_hours": 24,
                "retention_days": 7
              }
            ],
            "sku_name": "Basic",
            "storage_account_type": "Geo",
            "tags": {
              "Environment": "Development",
              "Project": "CloudGuardian"
            },
            "threat_detection_policy": [
              {
                "disabled_alerts": [],
                "email_account_admins": "Disabled",
                "email_addresses": [],
                "retention_days": 0,
                "state": "Disabled",
                "storage_account_access_key": "",
                "storage_endpoint": ""
              }
            ],
            "timeouts": null,
            "transparent_data_encryption_enabled": true,
            "transparent_data_encryption_key_automatic_rotation_enabled": false,
            "transparent_data_encryption_key_vault_key_id": "",
            "zone_redundant": false
          },
          "sensitive_attributes": [
            [
              {
                "type": "get_attr",
                "value": "threat_detection_policy"
              },
              {
                "type": "index",
                "value": {
                  "value": 0,
                  "type": "number"
                }
              },
              {
                "type": "get_attr",
                "value": "storage_account_access_key"
              }
            ]
          ],
          "identity_schema_version": 0,
          "identity": {
            "name": "CloudGuardianDB",
            "resource_group_name": "rg-cloudguardian-dev",
            "server_name": "sqlcgserver2026",
            "subscription_id": "7573a241-c33d-4d26-ba06-e07aaa7056c2"
          },
          "private": "eyJlMmJmYjczMC1lY2FhLTExZTYtOGY4OC0zNDM2M2JjN2M0YzAiOnsiY3JlYXRlIjozNjAwMDAwMDAwMDAwLCJkZWxldGUiOjM2MDAwMDAwMDAwMDAsInJlYWQiOjMwMDAwMDAwMDAwMCwidXBkYXRlIjozNjAwMDAwMDAwMDAwfSwic2NoZW1hX3ZlcnNpb24iOiIxIn0=",
          "dependencies": [
            "azurerm_mssql_server.cloudguardian_sql_server",
            "azurerm_resource_group.cloudguardian"
          ]
        }
      ]
    },
    {
      "mode": "managed",
      "type": "azurerm_mssql_firewall_rule",
      "name": "allow_all_azure",
      "provider": "provider[\"registry.terraform.io/hashicorp/azurerm\"]",
      "instances": [
        {
          "schema_version": 0,
          "attributes": {
            "end_ip_address": "0.0.0.0",
            "id": "/subscriptions/7573a241-c33d-4d26-ba06-e07aaa7056c2/resourceGroups/rg-cloudguardian-dev/providers/Microsoft.Sql/servers/sqlcgserver2026/firewallRules/AllowAllAzureServices",
            "name": "AllowAllAzureServices",
            "server_id": "/subscriptions/7573a241-c33d-4d26-ba06-e07aaa7056c2/resourceGroups/rg-cloudguardian-dev/providers/Microsoft.Sql/servers/sqlcgserver2026",
            "start_ip_address": "0.0.0.0",
            "timeouts": null
          },
          "sensitive_attributes": [],
          "identity_schema_version": 0,
          "private": "eyJlMmJmYjczMC1lY2FhLTExZTYtOGY4OC0zNDM2M2JjN2M0YzAiOnsiY3JlYXRlIjoxODAwMDAwMDAwMDAwLCJkZWxldGUiOjE4MDAwMDAwMDAwMDAsInJlYWQiOjMwMDAwMDAwMDAwMCwidXBkYXRlIjoxODAwMDAwMDAwMDAwfX0=",
          "dependencies": [
            "azurerm_mssql_server.cloudguardian_sql_server",
            "azurerm_resource_group.cloudguardian"
          ]
        }
      ]
    },
    {
      "mode": "managed",
      "type": "azurerm_mssql_server",
      "name": "cloudguardian_sql_server",
      "provider": "provider[\"registry.terraform.io/hashicorp/azurerm\"]",
      "instances": [
        {
          "schema_version": 0,
          "attributes": {
            "administrator_login": "sqladminuser",
            "administrator_login_password": "CloudGuardian@1234",
            "administrator_login_password_wo": null,
            "administrator_login_password_wo_version": 0,
            "azuread_administrator": [],
            "connection_policy": "Default",
            "express_vulnerability_assessment_enabled": false,
            "fully_qualified_domain_name": "sqlcgserver2026.database.windows.net",
            "id": "/subscriptions/7573a241-c33d-4d26-ba06-e07aaa7056c2/resourceGroups/rg-cloudguardian-dev/providers/Microsoft.Sql/servers/sqlcgserver2026",
            "identity": [],
            "location": "centralindia",
            "minimum_tls_version": "1.2",
            "name": "sqlcgserver2026",
            "outbound_network_restriction_enabled": false,
            "primary_user_assigned_identity_id": "",
            "public_network_access_enabled": true,
            "resource_group_name": "rg-cloudguardian-dev",
            "restorable_dropped_database_ids": [],
            "tags": {
              "Environment": "Development",
              "Project": "CloudGuardian"
            },
            "timeouts": null,
            "transparent_data_encryption_key_vault_key_id": "",
            "version": "12.0"
          },
          "sensitive_attributes": [
            [
              {
                "type": "get_attr",
                "value": "administrator_login_password"
              }
            ],
            [
              {
                "type": "get_attr",
                "value": "administrator_login_password_wo"
              }
            ]
          ],
          "identity_schema_version": 0,
          "identity": {
            "name": "sqlcgserver2026",
            "resource_group_name": "rg-cloudguardian-dev",
            "subscription_id": "7573a241-c33d-4d26-ba06-e07aaa7056c2"
          },
          "private": "eyJlMmJmYjczMC1lY2FhLTExZTYtOGY4OC0zNDM2M2JjN2M0YzAiOnsiY3JlYXRlIjozNjAwMDAwMDAwMDAwLCJkZWxldGUiOjM2MDAwMDAwMDAwMDAsInJlYWQiOjMwMDAwMDAwMDAwMCwidXBkYXRlIjozNjAwMDAwMDAwMDAwfX0=",
          "dependencies": [
            "azurerm_resource_group.cloudguardian"
          ]
        }
      ]
    },
    {
      "mode": "managed",
      "type": "azurerm_network_interface",
      "name": "cloudguardian_nic",
      "provider": "provider[\"registry.terraform.io/hashicorp/azurerm\"]",
      "instances": [
        {
          "schema_version": 0,
          "attributes": {
            "accelerated_networking_enabled": false,
            "applied_dns_servers": [],
            "auxiliary_mode": "",
            "auxiliary_sku": "",
            "dns_servers": [],
            "edge_zone": "",
            "id": "/subscriptions/7573a241-c33d-4d26-ba06-e07aaa7056c2/resourceGroups/rg-cloudguardian-dev/providers/Microsoft.Network/networkInterfaces/nic-cloudguardian-web",
            "internal_dns_name_label": "",
            "internal_domain_name_suffix": "qrnkflf4mgzurgrxpbyol0nbba.rx.internal.cloudapp.net",
            "ip_configuration": [
              {
                "gateway_load_balancer_frontend_ip_configuration_id": "",
                "name": "internal",
                "primary": true,
                "private_ip_address": "10.0.1.4",
                "private_ip_address_allocation": "Dynamic",
                "private_ip_address_version": "IPv4",
                "public_ip_address_id": "/subscriptions/7573a241-c33d-4d26-ba06-e07aaa7056c2/resourceGroups/rg-cloudguardian-dev/providers/Microsoft.Network/publicIPAddresses/pip-cloudguardian-dev",
                "subnet_id": "/subscriptions/7573a241-c33d-4d26-ba06-e07aaa7056c2/resourceGroups/rg-cloudguardian-dev/providers/Microsoft.Network/virtualNetworks/vnet-cloudguardian-dev/subnets/subnet-cloudguardian-dev"
              }
            ],
            "ip_forwarding_enabled": false,
            "location": "centralindia",
            "mac_address": "60-45-BD-72-E5-A2",
            "name": "nic-cloudguardian-web",
            "private_ip_address": "10.0.1.4",
            "private_ip_addresses": [
              "10.0.1.4"
            ],
            "resource_group_name": "rg-cloudguardian-dev",
            "tags": {},
            "timeouts": null,
            "virtual_machine_id": "/subscriptions/7573a241-c33d-4d26-ba06-e07aaa7056c2/resourceGroups/rg-cloudguardian-dev/providers/Microsoft.Compute/virtualMachines/vm-cloudguardian-web"
          },
          "sensitive_attributes": [],
          "identity_schema_version": 0,
          "identity": {
            "name": "nic-cloudguardian-web",
            "resource_group_name": "rg-cloudguardian-dev",
            "subscription_id": "7573a241-c33d-4d26-ba06-e07aaa7056c2"
          },
          "private": "eyJlMmJmYjczMC1lY2FhLTExZTYtOGY4OC0zNDM2M2JjN2M0YzAiOnsiY3JlYXRlIjoxODAwMDAwMDAwMDAwLCJkZWxldGUiOjE4MDAwMDAwMDAwMDAsInJlYWQiOjMwMDAwMDAwMDAwMCwidXBkYXRlIjoxODAwMDAwMDAwMDAwfX0=",
          "dependencies": [
            "azurerm_public_ip.cloudguardian_public_ip",
            "azurerm_resource_group.cloudguardian",
            "azurerm_subnet.cloudguardian_subnet",
            "azurerm_virtual_network.cloudguardian_vnet"
          ]
        }
      ]
    },
    {
      "mode": "managed",
      "type": "azurerm_network_security_group",
      "name": "cloudguardian_nsg",
      "provider": "provider[\"registry.terraform.io/hashicorp/azurerm\"]",
      "instances": [
        {
          "schema_version": 0,
          "attributes": {
            "id": "/subscriptions/7573a241-c33d-4d26-ba06-e07aaa7056c2/resourceGroups/rg-cloudguardian-dev/providers/Microsoft.Network/networkSecurityGroups/nsg-cloudguardian-dev",
            "location": "centralindia",
            "name": "nsg-cloudguardian-dev",
            "resource_group_name": "rg-cloudguardian-dev",
            "security_rule": [
              {
                "access": "Allow",
                "description": "",
                "destination_address_prefix": "*",
                "destination_address_prefixes": [],
                "destination_application_security_group_ids": [],
                "destination_port_range": "22",
                "destination_port_ranges": [],
                "direction": "Inbound",
                "name": "Allow-SSH-From-Internet",
                "priority": 100,
                "protocol": "Tcp",
                "source_address_prefix": "*",
                "source_address_prefixes": [],
                "source_application_security_group_ids": [],
                "source_port_range": "*",
                "source_port_ranges": []
              },
              {
                "access": "Allow",
                "description": "",
                "destination_address_prefix": "*",
                "destination_address_prefixes": [],
                "destination_application_security_group_ids": [],
                "destination_port_range": "80",
                "destination_port_ranges": [],
                "direction": "Inbound",
                "name": "Allow-HTTP-From-Internet",
                "priority": 110,
                "protocol": "Tcp",
                "source_address_prefix": "*",
                "source_address_prefixes": [],
                "source_application_security_group_ids": [],
                "source_port_range": "*",
                "source_port_ranges": []
              }
            ],
            "tags": {},
            "timeouts": null
          },
          "sensitive_attributes": [],
          "identity_schema_version": 0,
          "identity": {
            "name": "nsg-cloudguardian-dev",
            "resource_group_name": "rg-cloudguardian-dev",
            "subscription_id": "7573a241-c33d-4d26-ba06-e07aaa7056c2"
          },
          "private": "eyJlMmJmYjczMC1lY2FhLTExZTYtOGY4OC0zNDM2M2JjN2M0YzAiOnsiY3JlYXRlIjoxODAwMDAwMDAwMDAwLCJkZWxldGUiOjE4MDAwMDAwMDAwMDAsInJlYWQiOjMwMDAwMDAwMDAwMCwidXBkYXRlIjoxODAwMDAwMDAwMDAwfX0=",
          "dependencies": [
            "azurerm_resource_group.cloudguardian"
          ]
        }
      ]
    },
    {
      "mode": "managed",
      "type": "azurerm_network_security_rule",
      "name": "allow_http_from_anywhere",
      "provider": "provider[\"registry.terraform.io/hashicorp/azurerm\"]",
      "instances": [
        {
          "schema_version": 0,
          "attributes": {
            "access": "Allow",
            "description": "",
            "destination_address_prefix": "*",
            "destination_address_prefixes": [],
            "destination_application_security_group_ids": [],
            "destination_port_range": "80",
            "destination_port_ranges": [],
            "direction": "Inbound",
            "id": "/subscriptions/7573a241-c33d-4d26-ba06-e07aaa7056c2/resourceGroups/rg-cloudguardian-dev/providers/Microsoft.Network/networkSecurityGroups/nsg-cloudguardian-dev/securityRules/Allow-HTTP-From-Internet",
            "name": "Allow-HTTP-From-Internet",
            "network_security_group_name": "nsg-cloudguardian-dev",
            "priority": 110,
            "protocol": "Tcp",
            "resource_group_name": "rg-cloudguardian-dev",
            "source_address_prefix": "*",
            "source_address_prefixes": [],
            "source_application_security_group_ids": [],
            "source_port_range": "*",
            "source_port_ranges": [],
            "timeouts": null
          },
          "sensitive_attributes": [],
          "identity_schema_version": 0,
          "identity": {
            "name": "Allow-HTTP-From-Internet",
            "network_security_group_name": "nsg-cloudguardian-dev",
            "resource_group_name": "rg-cloudguardian-dev",
            "subscription_id": "7573a241-c33d-4d26-ba06-e07aaa7056c2"
          },
          "private": "eyJlMmJmYjczMC1lY2FhLTExZTYtOGY4OC0zNDM2M2JjN2M0YzAiOnsiY3JlYXRlIjoxODAwMDAwMDAwMDAwLCJkZWxldGUiOjE4MDAwMDAwMDAwMDAsInJlYWQiOjMwMDAwMDAwMDAwMCwidXBkYXRlIjoxODAwMDAwMDAwMDAwfX0=",
          "dependencies": [
            "azurerm_network_security_group.cloudguardian_nsg",
            "azurerm_resource_group.cloudguardian"
          ]
        }
      ]
    },
    {
      "mode": "managed",
      "type": "azurerm_network_security_rule",
      "name": "allow_ssh_from_anywhere",
      "provider": "provider[\"registry.terraform.io/hashicorp/azurerm\"]",
      "instances": [
        {
          "schema_version": 0,
          "attributes": {
            "access": "Allow",
            "description": "",
            "destination_address_prefix": "*",
            "destination_address_prefixes": [],
            "destination_application_security_group_ids": [],
            "destination_port_range": "22",
            "destination_port_ranges": [],
            "direction": "Inbound",
            "id": "/subscriptions/7573a241-c33d-4d26-ba06-e07aaa7056c2/resourceGroups/rg-cloudguardian-dev/providers/Microsoft.Network/networkSecurityGroups/nsg-cloudguardian-dev/securityRules/Allow-SSH-From-Internet",
            "name": "Allow-SSH-From-Internet",
            "network_security_group_name": "nsg-cloudguardian-dev",
            "priority": 100,
            "protocol": "Tcp",
            "resource_group_name": "rg-cloudguardian-dev",
            "source_address_prefix": "*",
            "source_address_prefixes": [],
            "source_application_security_group_ids": [],
            "source_port_range": "*",
            "source_port_ranges": [],
            "timeouts": null
          },
          "sensitive_attributes": [],
          "identity_schema_version": 0,
          "identity": {
            "name": "Allow-SSH-From-Internet",
            "network_security_group_name": "nsg-cloudguardian-dev",
            "resource_group_name": "rg-cloudguardian-dev",
            "subscription_id": "7573a241-c33d-4d26-ba06-e07aaa7056c2"
          },
          "private": "eyJlMmJmYjczMC1lY2FhLTExZTYtOGY4OC0zNDM2M2JjN2M0YzAiOnsiY3JlYXRlIjoxODAwMDAwMDAwMDAwLCJkZWxldGUiOjE4MDAwMDAwMDAwMDAsInJlYWQiOjMwMDAwMDAwMDAwMCwidXBkYXRlIjoxODAwMDAwMDAwMDAwfX0=",
          "dependencies": [
            "azurerm_network_security_group.cloudguardian_nsg",
            "azurerm_resource_group.cloudguardian"
          ]
        }
      ]
    },
    {
      "mode": "managed",
      "type": "azurerm_public_ip",
      "name": "cloudguardian_public_ip",
      "provider": "provider[\"registry.terraform.io/hashicorp/azurerm\"]",
      "instances": [
        {
          "schema_version": 0,
          "attributes": {
            "allocation_method": "Static",
            "ddos_protection_mode": "VirtualNetworkInherited",
            "ddos_protection_plan_id": null,
            "domain_name_label": "",
            "domain_name_label_scope": "",
            "edge_zone": "",
            "fqdn": "",
            "id": "/subscriptions/7573a241-c33d-4d26-ba06-e07aaa7056c2/resourceGroups/rg-cloudguardian-dev/providers/Microsoft.Network/publicIPAddresses/pip-cloudguardian-dev",
            "idle_timeout_in_minutes": 4,
            "ip_address": "20.197.26.85",
            "ip_tags": {},
            "ip_version": "IPv4",
            "location": "centralindia",
            "name": "pip-cloudguardian-dev",
            "public_ip_prefix_id": null,
            "resource_group_name": "rg-cloudguardian-dev",
            "reverse_fqdn": "",
            "sku": "Standard",
            "sku_tier": "Regional",
            "tags": {},
            "timeouts": null,
            "zones": []
          },
          "sensitive_attributes": [],
          "identity_schema_version": 0,
          "identity": {
            "name": "pip-cloudguardian-dev",
            "resource_group_name": "rg-cloudguardian-dev",
            "subscription_id": "7573a241-c33d-4d26-ba06-e07aaa7056c2"
          },
          "private": "eyJlMmJmYjczMC1lY2FhLTExZTYtOGY4OC0zNDM2M2JjN2M0YzAiOnsiY3JlYXRlIjoxODAwMDAwMDAwMDAwLCJkZWxldGUiOjE4MDAwMDAwMDAwMDAsInJlYWQiOjMwMDAwMDAwMDAwMCwidXBkYXRlIjoxODAwMDAwMDAwMDAwfX0=",
          "dependencies": [
            "azurerm_resource_group.cloudguardian"
          ]
        }
      ]
    },
    {
      "mode": "managed",
      "type": "azurerm_resource_group",
      "name": "cloudguardian",
      "provider": "provider[\"registry.terraform.io/hashicorp/azurerm\"]",
      "instances": [
        {
          "schema_version": 0,
          "attributes": {
            "id": "/subscriptions/7573a241-c33d-4d26-ba06-e07aaa7056c2/resourceGroups/rg-cloudguardian-dev",
            "location": "centralindia",
            "managed_by": "",
            "name": "rg-cloudguardian-dev",
            "tags": {},
            "timeouts": null
          },
          "sensitive_attributes": [],
          "identity_schema_version": 0,
          "identity": {
            "name": "rg-cloudguardian-dev",
            "subscription_id": "7573a241-c33d-4d26-ba06-e07aaa7056c2"
          },
          "private": "eyJlMmJmYjczMC1lY2FhLTExZTYtOGY4OC0zNDM2M2JjN2M0YzAiOnsiY3JlYXRlIjo1NDAwMDAwMDAwMDAwLCJkZWxldGUiOjU0MDAwMDAwMDAwMDAsInJlYWQiOjMwMDAwMDAwMDAwMCwidXBkYXRlIjo1NDAwMDAwMDAwMDAwfX0="
        }
      ]
    },
    {
      "mode": "managed",
      "type": "azurerm_storage_account",
      "name": "cloudguardianstorage",
      "provider": "provider[\"registry.terraform.io/hashicorp/azurerm\"]",
      "instances": [
        {
          "schema_version": 4,
          "attributes": {
            "access_tier": "Hot",
            "account_kind": "StorageV2",
            "account_replication_type": "LRS",
            "account_tier": "Standard",
            "allow_nested_items_to_be_public": true,
            "allowed_copy_scope": "",
            "azure_files_authentication": [],
            "blob_properties": [
              {
                "change_feed_enabled": false,
                "change_feed_retention_in_days": 0,
                "container_delete_retention_policy": [],
                "cors_rule": [],
                "default_service_version": "",
                "delete_retention_policy": [],
                "last_access_time_enabled": false,
                "restore_policy": [],
                "versioning_enabled": false
              }
            ],
            "cross_tenant_replication_enabled": false,
            "custom_domain": [],
            "customer_managed_key": [],
            "default_to_oauth_authentication": false,
            "dns_endpoint_type": "Standard",
            "edge_zone": "",
            "https_traffic_only_enabled": true,
            "id": "/subscriptions/7573a241-c33d-4d26-ba06-e07aaa7056c2/resourceGroups/rg-cloudguardian-dev/providers/Microsoft.Storage/storageAccounts/cgstorage2026demo01",
            "identity": [],
            "immutability_policy": [],
            "infrastructure_encryption_enabled": false,
            "is_hns_enabled": false,
            "large_file_share_enabled": false,
            "local_user_enabled": true,
            "location": "centralindia",
            "min_tls_version": "TLS1_0",
            "name": "cgstorage2026demo01",
            "network_rules": [],
            "nfsv3_enabled": false,
            "primary_access_key": "pkQ/Dcc3UCsI2gESNmr2S/qx2mro0dVkCY3+/NmFkI7zCCKVlZ0D36/y+b+c4lIEiKfP48KCsdYC+ASt/jac0A==",
            "primary_blob_connection_string": "DefaultEndpointsProtocol=https;BlobEndpoint=https://cgstorage2026demo01.blob.core.windows.net/;AccountName=cgstorage2026demo01;AccountKey=pkQ/Dcc3UCsI2gESNmr2S/qx2mro0dVkCY3+/NmFkI7zCCKVlZ0D36/y+b+c4lIEiKfP48KCsdYC+ASt/jac0A==",
            "primary_blob_endpoint": "https://cgstorage2026demo01.blob.core.windows.net/",
            "primary_blob_host": "cgstorage2026demo01.blob.core.windows.net",
            "primary_blob_internet_endpoint": "",
            "primary_blob_internet_host": "",
            "primary_blob_microsoft_endpoint": "",
            "primary_blob_microsoft_host": "",
            "primary_connection_string": "DefaultEndpointsProtocol=https;AccountName=cgstorage2026demo01;AccountKey=pkQ/Dcc3UCsI2gESNmr2S/qx2mro0dVkCY3+/NmFkI7zCCKVlZ0D36/y+b+c4lIEiKfP48KCsdYC+ASt/jac0A==;EndpointSuffix=core.windows.net",
            "primary_dfs_endpoint": "https://cgstorage2026demo01.dfs.core.windows.net/",
            "primary_dfs_host": "cgstorage2026demo01.dfs.core.windows.net",
            "primary_dfs_internet_endpoint": "",
            "primary_dfs_internet_host": "",
            "primary_dfs_microsoft_endpoint": "",
            "primary_dfs_microsoft_host": "",
            "primary_file_endpoint": "https://cgstorage2026demo01.file.core.windows.net/",
            "primary_file_host": "cgstorage2026demo01.file.core.windows.net",
            "primary_file_internet_endpoint": "",
            "primary_file_internet_host": "",
            "primary_file_microsoft_endpoint": "",
            "primary_file_microsoft_host": "",
            "primary_location": "centralindia",
            "primary_queue_endpoint": "https://cgstorage2026demo01.queue.core.windows.net/",
            "primary_queue_host": "cgstorage2026demo01.queue.core.windows.net",
            "primary_queue_microsoft_endpoint": "",
            "primary_queue_microsoft_host": "",
            "primary_table_endpoint": "https://cgstorage2026demo01.table.core.windows.net/",
            "primary_table_host": "cgstorage2026demo01.table.core.windows.net",
            "primary_table_microsoft_endpoint": "",
            "primary_table_microsoft_host": "",
            "primary_web_endpoint": "https://cgstorage2026demo01.z29.web.core.windows.net/",
            "primary_web_host": "cgstorage2026demo01.z29.web.core.windows.net",
            "primary_web_internet_endpoint": "",
            "primary_web_internet_host": "",
            "primary_web_microsoft_endpoint": "",
            "primary_web_microsoft_host": "",
            "provisioned_billing_model_version": "",
            "public_network_access_enabled": true,
            "queue_encryption_key_type": "Service",
            "queue_properties": [
              {
                "cors_rule": [],
                "hour_metrics": [
                  {
                    "enabled": false,
                    "include_apis": false,
                    "retention_policy_days": 0,
                    "version": "1.0"
                  }
                ],
                "logging": [
                  {
                    "delete": false,
                    "read": false,
                    "retention_policy_days": 0,
                    "version": "1.0",
                    "write": false
                  }
                ],
                "minute_metrics": [
                  {
                    "enabled": false,
                    "include_apis": false,
                    "retention_policy_days": 0,
                    "version": "1.0"
                  }
                ]
              }
            ],
            "resource_group_name": "rg-cloudguardian-dev",
            "routing": [],
            "sas_policy": [],
            "secondary_access_key": "UjQRgXFvHMSz/IFKg6HbTHIwv16JuTXbHRjgLvvdRGP+D+ndZZ1nw88Uk3/BdhCjNoUJVObCLxke+AStL0Nb5g==",
            "secondary_blob_connection_string": "",
            "secondary_blob_endpoint": "",
            "secondary_blob_host": "",
            "secondary_blob_internet_endpoint": "",
            "secondary_blob_internet_host": "",
            "secondary_blob_microsoft_endpoint": "",
            "secondary_blob_microsoft_host": "",
            "secondary_connection_string": "DefaultEndpointsProtocol=https;AccountName=cgstorage2026demo01;AccountKey=UjQRgXFvHMSz/IFKg6HbTHIwv16JuTXbHRjgLvvdRGP+D+ndZZ1nw88Uk3/BdhCjNoUJVObCLxke+AStL0Nb5g==;EndpointSuffix=core.windows.net",
            "secondary_dfs_endpoint": "",
            "secondary_dfs_host": "",
            "secondary_dfs_internet_endpoint": "",
            "secondary_dfs_internet_host": "",
            "secondary_dfs_microsoft_endpoint": "",
            "secondary_dfs_microsoft_host": "",
            "secondary_file_endpoint": "",
            "secondary_file_host": "",
            "secondary_file_internet_endpoint": "",
            "secondary_file_internet_host": "",
            "secondary_file_microsoft_endpoint": "",
            "secondary_file_microsoft_host": "",
            "secondary_location": "",
            "secondary_queue_endpoint": "",
            "secondary_queue_host": "",
            "secondary_queue_microsoft_endpoint": "",
            "secondary_queue_microsoft_host": "",
            "secondary_table_endpoint": "",
            "secondary_table_host": "",
            "secondary_table_microsoft_endpoint": "",
            "secondary_table_microsoft_host": "",
            "secondary_web_endpoint": "",
            "secondary_web_host": "",
            "secondary_web_internet_endpoint": "",
            "secondary_web_internet_host": "",
            "secondary_web_microsoft_endpoint": "",
            "secondary_web_microsoft_host": "",
            "sftp_enabled": false,
            "share_properties": [
              {
                "cors_rule": [],
                "retention_policy": [
                  {
                    "days": 7
                  }
                ],
                "smb": []
              }
            ],
            "shared_access_key_enabled": true,
            "static_website": [],
            "table_encryption_key_type": "Service",
            "tags": {},
            "timeouts": null
          },
          "sensitive_attributes": [
            [
              {
                "type": "get_attr",
                "value": "primary_access_key"
              }
            ],
            [
              {
                "type": "get_attr",
                "value": "primary_blob_connection_string"
              }
            ],
            [
              {
                "type": "get_attr",
                "value": "primary_connection_string"
              }
            ],
            [
              {
                "type": "get_attr",
                "value": "secondary_access_key"
              }
            ],
            [
              {
                "type": "get_attr",
                "value": "secondary_blob_connection_string"
              }
            ],
            [
              {
                "type": "get_attr",
                "value": "secondary_connection_string"
              }
            ]
          ],
          "identity_schema_version": 0,
          "identity": {
            "name": "cgstorage2026demo01",
            "resource_group_name": "rg-cloudguardian-dev",
            "subscription_id": "7573a241-c33d-4d26-ba06-e07aaa7056c2"
          },
          "private": "eyJlMmJmYjczMC1lY2FhLTExZTYtOGY4OC0zNDM2M2JjN2M0YzAiOnsiY3JlYXRlIjozNjAwMDAwMDAwMDAwLCJkZWxldGUiOjM2MDAwMDAwMDAwMDAsInJlYWQiOjMwMDAwMDAwMDAwMCwidXBkYXRlIjozNjAwMDAwMDAwMDAwfSwic2NoZW1hX3ZlcnNpb24iOiI0In0=",
          "dependencies": [
            "azurerm_resource_group.cloudguardian"
          ]
        }
      ]
    },
    {
      "mode": "managed",
      "type": "azurerm_subnet",
      "name": "cloudguardian_db_subnet",
      "provider": "provider[\"registry.terraform.io/hashicorp/azurerm\"]",
      "instances": [
        {
          "schema_version": 0,
          "attributes": {
            "address_prefixes": [
              "10.0.2.0/24"
            ],
            "default_outbound_access_enabled": true,
            "delegation": [],
            "id": "/subscriptions/7573a241-c33d-4d26-ba06-e07aaa7056c2/resourceGroups/rg-cloudguardian-dev/providers/Microsoft.Network/virtualNetworks/vnet-cloudguardian-dev/subnets/subnet-db-cloudguardian-dev",
            "ip_address_pool": [],
            "name": "subnet-db-cloudguardian-dev",
            "private_endpoint_network_policies": "Disabled",
            "private_link_service_network_policies_enabled": true,
            "resource_group_name": "rg-cloudguardian-dev",
            "service_endpoint_policy_ids": [],
            "service_endpoints": [],
            "sharing_scope": "",
            "timeouts": null,
            "virtual_network_name": "vnet-cloudguardian-dev"
          },
          "sensitive_attributes": [],
          "identity_schema_version": 0,
          "identity": {
            "name": "subnet-db-cloudguardian-dev",
            "resource_group_name": "rg-cloudguardian-dev",
            "subscription_id": "7573a241-c33d-4d26-ba06-e07aaa7056c2",
            "virtual_network_name": "vnet-cloudguardian-dev"
          },
          "private": "eyJlMmJmYjczMC1lY2FhLTExZTYtOGY4OC0zNDM2M2JjN2M0YzAiOnsiY3JlYXRlIjoxODAwMDAwMDAwMDAwLCJkZWxldGUiOjE4MDAwMDAwMDAwMDAsInJlYWQiOjMwMDAwMDAwMDAwMCwidXBkYXRlIjoxODAwMDAwMDAwMDAwfX0=",
          "dependencies": [
            "azurerm_resource_group.cloudguardian",
            "azurerm_virtual_network.cloudguardian_vnet"
          ]
        }
      ]
    },
    {
      "mode": "managed",
      "type": "azurerm_subnet",
      "name": "cloudguardian_subnet",
      "provider": "provider[\"registry.terraform.io/hashicorp/azurerm\"]",
      "instances": [
        {
          "schema_version": 0,
          "attributes": {
            "address_prefixes": [
              "10.0.1.0/24"
            ],
            "default_outbound_access_enabled": true,
            "delegation": [],
            "id": "/subscriptions/7573a241-c33d-4d26-ba06-e07aaa7056c2/resourceGroups/rg-cloudguardian-dev/providers/Microsoft.Network/virtualNetworks/vnet-cloudguardian-dev/subnets/subnet-cloudguardian-dev",
            "ip_address_pool": [],
            "name": "subnet-cloudguardian-dev",
            "private_endpoint_network_policies": "Disabled",
            "private_link_service_network_policies_enabled": true,
            "resource_group_name": "rg-cloudguardian-dev",
            "service_endpoint_policy_ids": [],
            "service_endpoints": [],
            "sharing_scope": "",
            "timeouts": null,
            "virtual_network_name": "vnet-cloudguardian-dev"
          },
          "sensitive_attributes": [],
          "identity_schema_version": 0,
          "identity": {
            "name": "subnet-cloudguardian-dev",
            "resource_group_name": "rg-cloudguardian-dev",
            "subscription_id": "7573a241-c33d-4d26-ba06-e07aaa7056c2",
            "virtual_network_name": "vnet-cloudguardian-dev"
          },
          "private": "eyJlMmJmYjczMC1lY2FhLTExZTYtOGY4OC0zNDM2M2JjN2M0YzAiOnsiY3JlYXRlIjoxODAwMDAwMDAwMDAwLCJkZWxldGUiOjE4MDAwMDAwMDAwMDAsInJlYWQiOjMwMDAwMDAwMDAwMCwidXBkYXRlIjoxODAwMDAwMDAwMDAwfX0=",
          "dependencies": [
            "azurerm_resource_group.cloudguardian",
            "azurerm_virtual_network.cloudguardian_vnet"
          ]
        }
      ]
    },
    {
      "mode": "managed",
      "type": "azurerm_subnet_network_security_group_association",
      "name": "cloudguardian_nsg_assoc",
      "provider": "provider[\"registry.terraform.io/hashicorp/azurerm\"]",
      "instances": [
        {
          "schema_version": 0,
          "attributes": {
            "id": "/subscriptions/7573a241-c33d-4d26-ba06-e07aaa7056c2/resourceGroups/rg-cloudguardian-dev/providers/Microsoft.Network/virtualNetworks/vnet-cloudguardian-dev/subnets/subnet-cloudguardian-dev",
            "network_security_group_id": "/subscriptions/7573a241-c33d-4d26-ba06-e07aaa7056c2/resourceGroups/rg-cloudguardian-dev/providers/Microsoft.Network/networkSecurityGroups/nsg-cloudguardian-dev",
            "subnet_id": "/subscriptions/7573a241-c33d-4d26-ba06-e07aaa7056c2/resourceGroups/rg-cloudguardian-dev/providers/Microsoft.Network/virtualNetworks/vnet-cloudguardian-dev/subnets/subnet-cloudguardian-dev",
            "timeouts": null
          },
          "sensitive_attributes": [],
          "identity_schema_version": 0,
          "private": "eyJlMmJmYjczMC1lY2FhLTExZTYtOGY4OC0zNDM2M2JjN2M0YzAiOnsiY3JlYXRlIjoxODAwMDAwMDAwMDAwLCJkZWxldGUiOjE4MDAwMDAwMDAwMDAsInJlYWQiOjMwMDAwMDAwMDAwMH19",
          "dependencies": [
            "azurerm_network_security_group.cloudguardian_nsg",
            "azurerm_resource_group.cloudguardian",
            "azurerm_subnet.cloudguardian_subnet",
            "azurerm_virtual_network.cloudguardian_vnet"
          ]
        }
      ]
    },
    {
      "mode": "managed",
      "type": "azurerm_virtual_network",
      "name": "cloudguardian_vnet",
      "provider": "provider[\"registry.terraform.io/hashicorp/azurerm\"]",
      "instances": [
        {
          "schema_version": 0,
          "attributes": {
            "address_space": [
              "10.0.0.0/16"
            ],
            "bgp_community": "",
            "ddos_protection_plan": [],
            "dns_servers": [],
            "edge_zone": "",
            "encryption": [],
            "flow_timeout_in_minutes": 0,
            "guid": "aca25a84-61be-48b3-9a37-7870e5e9a108",
            "id": "/subscriptions/7573a241-c33d-4d26-ba06-e07aaa7056c2/resourceGroups/rg-cloudguardian-dev/providers/Microsoft.Network/virtualNetworks/vnet-cloudguardian-dev",
            "ip_address_pool": [],
            "location": "centralindia",
            "name": "vnet-cloudguardian-dev",
            "private_endpoint_vnet_policies": "Disabled",
            "resource_group_name": "rg-cloudguardian-dev",
            "subnet": [
              {
                "address_prefixes": [
                  "10.0.1.0/24"
                ],
                "default_outbound_access_enabled": true,
                "delegation": [],
                "id": "/subscriptions/7573a241-c33d-4d26-ba06-e07aaa7056c2/resourceGroups/rg-cloudguardian-dev/providers/Microsoft.Network/virtualNetworks/vnet-cloudguardian-dev/subnets/subnet-cloudguardian-dev",
                "name": "subnet-cloudguardian-dev",
                "private_endpoint_network_policies": "Disabled",
                "private_link_service_network_policies_enabled": true,
                "route_table_id": "",
                "security_group": "/subscriptions/7573a241-c33d-4d26-ba06-e07aaa7056c2/resourceGroups/rg-cloudguardian-dev/providers/Microsoft.Network/networkSecurityGroups/nsg-cloudguardian-dev",
                "service_endpoint_policy_ids": [],
                "service_endpoints": []
              },
              {
                "address_prefixes": [
                  "10.0.2.0/24"
                ],
                "default_outbound_access_enabled": true,
                "delegation": [],
                "id": "/subscriptions/7573a241-c33d-4d26-ba06-e07aaa7056c2/resourceGroups/rg-cloudguardian-dev/providers/Microsoft.Network/virtualNetworks/vnet-cloudguardian-dev/subnets/subnet-db-cloudguardian-dev",
                "name": "subnet-db-cloudguardian-dev",
                "private_endpoint_network_policies": "Disabled",
                "private_link_service_network_policies_enabled": true,
                "route_table_id": "",
                "security_group": "",
                "service_endpoint_policy_ids": [],
                "service_endpoints": []
              }
            ],
            "tags": {},
            "timeouts": null
          },
          "sensitive_attributes": [],
          "identity_schema_version": 0,
          "identity": {
            "name": "vnet-cloudguardian-dev",
            "resource_group_name": "rg-cloudguardian-dev",
            "subscription_id": "7573a241-c33d-4d26-ba06-e07aaa7056c2"
          },
          "private": "eyJlMmJmYjczMC1lY2FhLTExZTYtOGY4OC0zNDM2M2JjN2M0YzAiOnsiY3JlYXRlIjoxODAwMDAwMDAwMDAwLCJkZWxldGUiOjE4MDAwMDAwMDAwMDAsInJlYWQiOjMwMDAwMDAwMDAwMCwidXBkYXRlIjoxODAwMDAwMDAwMDAwfX0=",
          "dependencies": [
            "azurerm_resource_group.cloudguardian"
          ]
        }
      ]
    }
  ],
  "check_results": null
}
